
Microsoft Visual Studio Solution File, Format Version 12.00
# Visual Studio Version 17
VisualStudioVersion = 17.0.31903.59
MinimumVisualStudioVersion = 10.0.40219.1
Project("{FAE04EC0-301F-11D3-BF4B-00C04F79EFBC}") = "RightSize", "RightSize\RightSize.csproj", "{A0521250-5214-4893-8C13-CCA5D6B46AB7}"
EndProject
Project("{FAE04EC0-301F-11D3-BF4B-00C04F79EFBC}") = "ChangeString", "ChangeString\ChangeString.csproj", "{07E2B232-73E1-4F62-9E63-A45540317BAD}"
EndProject
Project("{FAE04EC0-301F-11D3-BF4B-00C04F79EFBC}") = "ArrayMul", "ArrayMul\ArrayMul.csproj", "{A9A1C72E-65E4-457D-9002-D360DECBED94}"
EndProject
Project("{FAE04EC0-301F-11D3-BF4B-00C04F79EFBC}") = "HeroPerk", "HeroPerk\HeroPerk.csproj", "{158A0BB0-6F63-419B-9CFC-AAE3845BCC5F}"
EndProject
Project("{FAE04EC0-301F-11D3-BF4B-00C04F79EFBC}") = "Pow2Until", "Pow2Until\Pow2Until.csproj", "{814DE7AC-79F1-47F5-AD6C-1BF33F1482A7}"
EndProject
Project("{FAE04EC0-301F-11D3-BF4B-00C04F79EFBC}") = "RoPaSci", "RoPaSci\RoPaSci.csproj", "{F34F17EE-9415-45A9-B41C-61203B8B72FB}"
EndProject
Global
	GlobalSection(SolutionConfigurationPlatforms) = preSolution
		Debug|Any CPU = Debug|Any CPU
		Debug|x64 = Debug|x64
		Debug|x86 = Debug|x86
		Release|Any CPU = Release|Any CPU
		Release|x64 = Release|x64
		Release|x86 = Release|x86
	EndGlobalSection
	GlobalSection(ProjectConfigurationPlatforms) = postSolution
		{A0521250-5214-4893-8C13-CCA5D6B46AB7}.Debug|Any CPU.ActiveCfg = Debug|Any CPU
		{A0521250-5214-4893-8C13-CCA5D6B46AB7}.Debug|Any CPU.Build.0 = Debug|Any CPU
		{A0521250-5214-4893-8C13-CCA5D6B46AB7}.Debug|x64.ActiveCfg = Debug|Any CPU
		{A0521250-5214-4893-8C13-CCA5D6B46AB7}.Debug|x64.Build.0 = Debug|Any CPU
		{A0521250-5214-4893-8C13-CCA5D6B46AB7}.Debug|x86.ActiveCfg = Debug|Any CPU
		{A0521250-5214-4893-8C13-CCA5D6B46AB7}.Debug|x86.Build.0 = Debug|Any CPU
		{A0521250-5214-4893-8C13-CCA5D6B46AB7}.Release|Any CPU.ActiveCfg = Release|Any CPU
		{A0521250-5214-4893-8C13-CCA5D6B46AB7}.Release|Any CPU.Build.0 = Release|Any CPU
		{A0521250-5214-4893-8C13-CCA5D6B46AB7}.Release|x64.ActiveCfg = Release|Any CPU
		{A0521250-5214-4893-8C13-CCA5D6B46AB7}.Release|x64.Build.0 = Release|Any CPU
		{A0521250-5214-4893-8C13-CCA5D6B46AB7}.Release|x86.ActiveCfg = Release|Any CPU
		{A0521250-5214-4893-8C13-CCA5D6B46AB7}.Release|x86.Build.0 = Release|Any CPU
		{07E2B232-73E1-4F62-9E63-A45540317BAD}.Debug|Any CPU.ActiveCfg = Debug|Any CPU
		{07E2B232-73E1-4F62-9E63-A45540317BAD}.Debug|Any CPU.Build.0 = Debug|Any CPU
		{07E2B232-73E1-4F62-9E63-A45540317BAD}.Debug|x64.ActiveCfg = Debug|Any CPU
		{07E2B232-73E1-4F62-9E63-A45540317BAD}.Debug|x64.Build.0 = Debug|Any CPU
		{07E2B232-73E1-4F62-9E63-A45540317BAD}.Debug|x86.ActiveCfg = Debug|Any CPU
		{07E2B232-73E1-4F62-9E63-A45540317BAD}.Debug|x86.Build.0 = Debug|Any CPU
		{07E2B232-73E1-4F62-9E63-A45540317BAD}.Release|Any CPU.ActiveCfg = Release|Any CPU
		{07E2B232-73E1-4F62-9E63-A45540317BAD}.Release|Any CPU.Build.0 = Release|Any CPU
		{07E2B232-73E1-4F62-9E63-A45540317BAD}.Release|x64.ActiveCfg = Release|Any CPU
		{07E2B232-73E1-4F62-9E63-A45540317BAD}.Release|x64.Build.0 = Release|Any CPU
		{07E2B232-73E1-4F62-9E63-A45540317BAD}.Release|x86.ActiveCfg = Release|Any CPU
		{07E2B232-73E1-4F62-9E63-A45540317BAD}.Release|x86.Build.0 = Release|Any CPU
		{A9A1C72E-65E4-457D-9002-D360DECBED94}.Debug|Any CPU.ActiveCfg = Debug|Any CPU
		{A9A1C72E-65E4-457D-9002-D360DECBED94}.Debug|Any CPU.Build.0 = Debug|Any CPU
		{A9A1C72E-65E4-457D-9002-D360DECBED94}.Debug|x64.ActiveCfg = Debug|Any CPU
		{A9A1C72E-65E4-457D-9002-D360DECBED94}.Debug|x64.Build.0 = Debug|Any CPU
		{A9A1C72E-65E4-457D-9002-D360DECBED94}.Debug|x86.ActiveCfg = Debug|Any CPU
		{A9A1C72E-65E4-457D-9002-D360DECBED94}.Debug|x86.Build.0 = Debug|Any CPU
		{A9A1C72E-65E4-457D-9002-D360DECBED94}.Release|Any CPU.ActiveCfg = Release|Any CPU
		{A9A1C72E-65E4-457D-9002-D360DECBED94}.Release|Any CPU.Build.0 = Release|Any CPU
		{A9A1C72E-65E4-457D-9002-D360DECBED94}.Release|x64.ActiveCfg = Release|Any CPU
		{A9A1C72E-65E4-457D-9002-D360DECBED94}.Release|x64.Build.0 = Release|Any CPU
		{A9A1C72E-65E4-457D-9002-D360DECBED94}.Release|x86.ActiveCfg = Release|Any CPU
		{A9A1C72E-65E4-457D-9002-D360DECBED94}.Release|x86.Build.0 = Release|Any CPU
		{158A0BB0-6F63-419B-9CFC-AAE3845BCC5F}.Debug|Any CPU.ActiveCfg = Debug|Any CPU
		{158A0BB0-6F63-419B-9CFC-AAE3845BCC5F}.Debug|Any CPU.Build.0 = Debug|Any CPU
		{158A0BB0-6F63-419B-9CFC-AAE3845BCC5F}.Debug|x64.ActiveCfg = Debug|Any CPU
		{158A0BB0-6F63-419B-9CFC-AAE3845BCC5F}.Debug|x64.Build.0 = Debug|Any CPU
		{158A0BB0-6F63-419B-9CFC-AAE3845BCC5F}.Debug|x86.ActiveCfg = Debug|Any CPU
		{158A0BB0-6F63-419B-9CFC-AAE3845BCC5F}.Debug|x86.Build.0 = Debug|Any CPU
		{158A0BB0-6F63-419B-9CFC-AAE3845BCC5F}.Release|Any CPU.ActiveCfg = Release|Any CPU
		{158A0BB0-6F63-419B-9CFC-AAE3845BCC5F}.Release|Any CPU.Build.0 = Release|Any CPU
		{158A0BB0-6F63-419B-9CFC-AAE3845BCC5F}.Release|x64.ActiveCfg = Release|Any CPU
		{158A0BB0-6F63-419B-9CFC-AAE3845BCC5F}.Release|x64.Build.0 = Release|Any CPU
		{158A0BB0-6F63-419B-9CFC-AAE3845BCC5F}.Release|x86.ActiveCfg = Release|Any CPU
		{158A0BB0-6F63-419B-9CFC-AAE3845BCC5F}.Release|x86.Build.0 = Release|Any CPU
		{814DE7AC-79F1-47F5-AD6C-1BF33F1482A7}.Debug|Any CPU.ActiveCfg = Debug|Any CPU
		{814DE7AC-79F1-47F5-AD6C-1BF33F1482A7}.Debug|Any CPU.Build.0 = Debug|Any CPU
		{814DE7AC-79F1-47F5-AD6C-1BF33F1482A7}.Debug|x64.ActiveCfg = Debug|Any CPU
		{814DE7AC-79F1-47F5-AD6C-1BF33F1482A7}.Debug|x64.Build.0 = Debug|Any CPU
		{814DE7AC-79F1-47F5-AD6C-1BF33F1482A7}.Debug|x86.ActiveCfg = Debug|Any CPU
		{814DE7AC-79F1-47F5-AD6C-1BF33F1482A7}.Debug|x86.Build.0 = Debug|Any CPU
		{814DE7AC-79F1-47F5-AD6C-1BF33F1482A7}.Release|Any CPU.ActiveCfg = Release|Any CPU
		{814DE7AC-79F1-47F5-AD6C-1BF33F1482A7}.Release|Any CPU.Build.0 = Release|Any CPU
		{814DE7AC-79F1-47F5-AD6C-1BF33F1482A7}.Release|x64.ActiveCfg = Release|Any CPU
		{814DE7AC-79F1-47F5-AD6C-1BF33F1482A7}.Release|x64.Build.0 = Release|Any CPU
		{814DE7AC-79F1-47F5-AD6C-1BF33F1482A7}.Release|x86.ActiveCfg = Release|Any CPU
		{814DE7AC-79F1-47F5-AD6C-1BF33F1482A7}.Release|x86.Build.0 = Release|Any CPU
		{678B72B5-FAB0-4233-8A11-576B8230DF01}.Debug|Any CPU.ActiveCfg = Debug|Any CPU
		{678B72B5-FAB0-4233-8A11-576B8230DF01}.Debug|Any CPU.Build.0 = Debug|Any CPU
		{678B72B5-FAB0-4233-8A11-576B8230DF01}.Debug|x64.ActiveCfg = Debug|Any CPU
		{678B72B5-FAB0-4233-8A11-576B8230DF01}.Debug|x64.Build.0 = Debug|Any CPU
		{678B72B5-FAB0-4233-8A11-576B8230DF01}.Debug|x86.ActiveCfg = Debug|Any CPU
		{678B72B5-FAB0-4233-8A11-576B8230DF01}.Debug|x86.Build.0 = Debug|Any CPU
		{678B72B5-FAB0-4233-8A11-576B8230DF01}.Release|Any CPU.ActiveCfg = Release|Any CPU
		{678B72B5-FAB0-4233-8A11-576B8230DF01}.Release|Any CPU.Build.0 = Release|Any CPU
		{678B72B5-FAB0-4233-8A11-576B8230DF01}.Release|x64.ActiveCfg = Release|Any CPU
		{678B72B5-FAB0-4233-8A11-576B8230DF01}.Release|x64.Build.0 = Release|Any CPU
		{678B72B5-FAB0-4233-8A11-576B8230DF01}.Release|x86.ActiveCfg = Release|Any CPU
		{678B72B5-FAB0-4233-8A11-576B8230DF01}.Release|x86.Build.0 = Release|Any CPU
		{F34F17EE-9415-45A9-B41C-61203B8B72FB}.Debug|Any CPU.ActiveCfg = Debug|Any CPU
		{F34F17EE-9415-45A9-B41C-61203B8B72FB}.Debug|Any CPU.Build.0 = Debug|Any CPU
		{F34F17EE-9415-45A9-B41C-61203B8B72FB}.Debug|x64.ActiveCfg = Debug|Any CPU
		{F34F17EE-9415-45A9-B41C-61203B8B72FB}.Debug|x64.Build.0 = Debug|Any CPU
		{F34F17EE-9415-45A9-B41C-61203B8B72FB}.Debug|x86.ActiveCfg = Debug|Any CPU
		{F34F17EE-9415-45A9-B41C-61203B8B72FB}.Debug|x86.Build.0 = Debug|Any CPU
		{F34F17EE-9415-45A9-B41C-61203B8B72FB}.Release|Any CPU.ActiveCfg = Release|Any CPU
		{F34F17EE-9415-45A9-B41C-61203B8B72FB}.Release|Any CPU.Build.0 = Release|Any CPU
		{F34F17EE-9415-45A9-B41C-61203B8B72FB}.Release|x64.ActiveCfg = Release|Any CPU
		{F34F17EE-9415-45A9-B41C-61203B8B72FB}.Release|x64.Build.0 = Release|Any CPU
		{F34F17EE-9415-45A9-B41C-61203B8B72FB}.Release|x86.ActiveCfg = Release|Any CPU
		{F34F17EE-9415-45A9-B41C-61203B8B72FB}.Release|x86.Build.0 = Release|Any CPU
	EndGlobalSection
	GlobalSection(SolutionProperties) = preSolution
		HideSolutionNode = FALSE
	EndGlobalSection
EndGlobal
